
Microsoft Visual Studio Solution File, Format Version 12.00
# Visual Studio Version 17
VisualStudioVersion = 17.11.35222.181
MinimumVisualStudioVersion = 10.0.40219.1
Project("{FAE04EC0-301F-11D3-BF4B-00C04F79EFBC}") = "Part D - Login User Control", "Part D - Login User Control.csproj", "{B29E2E7F-B71B-450F-A803-8C70C1D98592}"
EndProject
Global
	GlobalSection(SolutionConfigurationPlatforms) = preSolution
		Debug|Any CPU = Debug|Any CPU
		Release|Any CPU = Release|Any CPU
	EndGlobalSection
	GlobalSection(ProjectConfigurationPlatforms) = postSolution
		{B29E2E7F-B71B-450F-A803-8C70C1D98592}.Debug|Any CPU.ActiveCfg = Debug|Any CPU
		{B29E2E7F-B71B-450F-A803-8C70C1D98592}.Debug|Any CPU.Build.0 = Debug|Any CPU
		{B29E2E7F-B71B-450F-A803-8C70C1D98592}.Release|Any CPU.ActiveCfg = Release|Any CPU
		{B29E2E7F-B71B-450F-A803-8C70C1D98592}.Release|Any CPU.Build.0 = Release|Any CPU
	EndGlobalSection
	GlobalSection(SolutionProperties) = preSolution
		HideSolutionNode = FALSE
	EndGlobalSection
	GlobalSection(ExtensibilityGlobals) = postSolution
		SolutionGuid = {161F6526-D4D2-4E84-8699-67392C252B7B}
	EndGlobalSection
EndGlobal
