
Microsoft Visual Studio Solution File, Format Version 12.00
# Visual Studio Version 17
VisualStudioVersion = 17.11.35222.181
MinimumVisualStudioVersion = 10.0.40219.1
Project("{FAE04EC0-301F-11D3-BF4B-00C04F79EFBC}") = "Section12", "Section12.csproj", "{C381A1B6-8110-4008-A1A5-305155B42690}"
EndProject
Global
	GlobalSection(SolutionConfigurationPlatforms) = preSolution
		Debug|Any CPU = Debug|Any CPU
		Release|Any CPU = Release|Any CPU
	EndGlobalSection
	GlobalSection(ProjectConfigurationPlatforms) = postSolution
		{C381A1B6-8110-4008-A1A5-305155B42690}.Debug|Any CPU.ActiveCfg = Debug|Any CPU
		{C381A1B6-8110-4008-A1A5-305155B42690}.Debug|Any CPU.Build.0 = Debug|Any CPU
		{C381A1B6-8110-4008-A1A5-305155B42690}.Release|Any CPU.ActiveCfg = Release|Any CPU
		{C381A1B6-8110-4008-A1A5-305155B42690}.Release|Any CPU.Build.0 = Release|Any CPU
	EndGlobalSection
	GlobalSection(SolutionProperties) = preSolution
		HideSolutionNode = FALSE
	EndGlobalSection
	GlobalSection(ExtensibilityGlobals) = postSolution
		SolutionGuid = {ED9BD3FF-681D-4797-ACE1-634D80DE8D87}
	EndGlobalSection
EndGlobal
